
Microsoft Visual Studio Solution File, Format Version 12.00
# Visual Studio Version 16
VisualStudioVersion = 16.0.30503.244
MinimumVisualStudioVersion = 10.0.40219.1
Project("{FAE04EC0-301F-11D3-BF4B-00C04F79EFBC}") = "Factorial", "Factorial\Factorial.csproj", "{204E3FDE-0F63-4D60-854D-D64CEBFCD1A8}"
EndProject
Global
	GlobalSection(SolutionConfigurationPlatforms) = preSolution
		Debug|Any CPU = Debug|Any CPU
		Release|Any CPU = Release|Any CPU
	EndGlobalSection
	GlobalSection(ProjectConfigurationPlatforms) = postSolution
		{204E3FDE-0F63-4D60-854D-D64CEBFCD1A8}.Debug|Any CPU.ActiveCfg = Debug|Any CPU
		{204E3FDE-0F63-4D60-854D-D64CEBFCD1A8}.Debug|Any CPU.Build.0 = Debug|Any CPU
		{204E3FDE-0F63-4D60-854D-D64CEBFCD1A8}.Release|Any CPU.ActiveCfg = Release|Any CPU
		{204E3FDE-0F63-4D60-854D-D64CEBFCD1A8}.Release|Any CPU.Build.0 = Release|Any CPU
	EndGlobalSection
	GlobalSection(SolutionProperties) = preSolution
		HideSolutionNode = FALSE
	EndGlobalSection
	GlobalSection(ExtensibilityGlobals) = postSolution
		SolutionGuid = {6349E2A5-8193-428D-A1B4-EC556C463FC6}
	EndGlobalSection
EndGlobal
